
Microsoft Visual Studio Solution File, Format Version 12.00
# Visual Studio Version 16
VisualStudioVersion = 16.0.809.4
MinimumVisualStudioVersion = 10.0.40219.1
Project("{FAE04EC0-301F-11D3-BF4B-00C04F79EFBC}") = "sampleapi", "sampleapi.csproj", "{154A0EED-346B-45AF-AE6F-AA0F346E2C12}"
EndProject
Global
	GlobalSection(SolutionConfigurationPlatforms) = preSolution
		Debug|Any CPU = Debug|Any CPU
		Release|Any CPU = Release|Any CPU
	EndGlobalSection
	GlobalSection(ProjectConfigurationPlatforms) = postSolution
		{154A0EED-346B-45AF-AE6F-AA0F346E2C12}.Debug|Any CPU.ActiveCfg = Debug|Any CPU
		{154A0EED-346B-45AF-AE6F-AA0F346E2C12}.Debug|Any CPU.Build.0 = Debug|Any CPU
		{154A0EED-346B-45AF-AE6F-AA0F346E2C12}.Release|Any CPU.ActiveCfg = Release|Any CPU
		{154A0EED-346B-45AF-AE6F-AA0F346E2C12}.Release|Any CPU.Build.0 = Release|Any CPU
	EndGlobalSection
	GlobalSection(SolutionProperties) = preSolution
		HideSolutionNode = FALSE
	EndGlobalSection
	GlobalSection(ExtensibilityGlobals) = postSolution
		SolutionGuid = {9FBE4585-2B78-4247-9B9D-E059DF4390CD}
	EndGlobalSection
EndGlobal
